
Microsoft Visual Studio Solution File, Format Version 12.00
# Visual Studio Version 16
VisualStudioVersion = 16.0.29728.190
MinimumVisualStudioVersion = 10.0.40219.1
Project("{8BC9CEB8-8B4A-11D0-8D11-00A0C91BC942}") = "CodeKataExample", "CodeKataExample.vcxproj", "{6876ADAE-7486-4F96-8368-D29289FFAA20}"
EndProject
Global
	GlobalSection(SolutionConfigurationPlatforms) = preSolution
		Debug|x64 = Debug|x64
		Debug|x86 = Debug|x86
		Release|x64 = Release|x64
		Release|x86 = Release|x86
	EndGlobalSection
	GlobalSection(ProjectConfigurationPlatforms) = postSolution
		{6876ADAE-7486-4F96-8368-D29289FFAA20}.Debug|x64.ActiveCfg = Debug|x64
		{6876ADAE-7486-4F96-8368-D29289FFAA20}.Debug|x64.Build.0 = Debug|x64
		{6876ADAE-7486-4F96-8368-D29289FFAA20}.Debug|x86.ActiveCfg = Debug|Win32
		{6876ADAE-7486-4F96-8368-D29289FFAA20}.Debug|x86.Build.0 = Debug|Win32
		{6876ADAE-7486-4F96-8368-D29289FFAA20}.Release|x64.ActiveCfg = Release|x64
		{6876ADAE-7486-4F96-8368-D29289FFAA20}.Release|x64.Build.0 = Release|x64
		{6876ADAE-7486-4F96-8368-D29289FFAA20}.Release|x86.ActiveCfg = Release|Win32
		{6876ADAE-7486-4F96-8368-D29289FFAA20}.Release|x86.Build.0 = Release|Win32
	EndGlobalSection
	GlobalSection(SolutionProperties) = preSolution
		HideSolutionNode = FALSE
	EndGlobalSection
	GlobalSection(ExtensibilityGlobals) = postSolution
		SolutionGuid = {4C06FC92-8F10-41F0-A3C8-7C6C00EF8086}
	EndGlobalSection
EndGlobal
